
Microsoft Visual Studio Solution File, Format Version 12.00
# Visual Studio Version 16
VisualStudioVersion = 16.0.29806.167
MinimumVisualStudioVersion = 10.0.40219.1
Project("{9A19103F-16F7-4668-BE54-9A1E7A4F7556}") = "IdentityServerAspNetIdentity", "IdentityServerAspNetIdentity\IdentityServerAspNetIdentity.csproj", "{82D72CC7-7CC5-4F32-8400-CA0A43826B14}"
EndProject
Global
	GlobalSection(SolutionConfigurationPlatforms) = preSolution
		Debug|Any CPU = Debug|Any CPU
		Release|Any CPU = Release|Any CPU
	EndGlobalSection
	GlobalSection(ProjectConfigurationPlatforms) = postSolution
		{82D72CC7-7CC5-4F32-8400-CA0A43826B14}.Debug|Any CPU.ActiveCfg = Debug|Any CPU
		{82D72CC7-7CC5-4F32-8400-CA0A43826B14}.Debug|Any CPU.Build.0 = Debug|Any CPU
		{82D72CC7-7CC5-4F32-8400-CA0A43826B14}.Release|Any CPU.ActiveCfg = Release|Any CPU
		{82D72CC7-7CC5-4F32-8400-CA0A43826B14}.Release|Any CPU.Build.0 = Release|Any CPU
	EndGlobalSection
	GlobalSection(SolutionProperties) = preSolution
		HideSolutionNode = FALSE
	EndGlobalSection
	GlobalSection(ExtensibilityGlobals) = postSolution
		SolutionGuid = {6B686979-C144-4F3F-A5EE-60D1CB9E0679}
	EndGlobalSection
EndGlobal
