
Microsoft Visual Studio Solution File, Format Version 12.00
# Visual Studio Version 16
VisualStudioVersion = 16.0.29709.97
MinimumVisualStudioVersion = 10.0.40219.1
Project("{9A19103F-16F7-4668-BE54-9A1E7A4F7556}") = "ScooterBear.GTD", "ScooterBear.GTD\ScooterBear.GTD.csproj", "{3F499F3D-FDE2-412F-B26B-CA0676D1100C}"
EndProject
Project("{9A19103F-16F7-4668-BE54-9A1E7A4F7556}") = "ScooterBear.GTD.Patterns", "ScooterBear.GTD.Patterns\ScooterBear.GTD.Patterns.csproj", "{EA82414F-CEB5-4225-BAA1-0A0C7F6AD594}"
EndProject
Project("{9A19103F-16F7-4668-BE54-9A1E7A4F7556}") = "ScooterBear.GTD.DynamoDb", "ScooterBear.GTD.DynamoDb\ScooterBear.GTD.DynamoDb.csproj", "{25611814-5AC7-4AFC-B6AA-313161037261}"
EndProject
Project("{9A19103F-16F7-4668-BE54-9A1E7A4F7556}") = "ScooterBear.GTD.UnitTests", "ScooterBear.GTD.UnitTests\ScooterBear.GTD.UnitTests.csproj", "{1454F0A3-027C-4F49-9390-B9CDB23E1ADB}"
EndProject
Project("{9A19103F-16F7-4668-BE54-9A1E7A4F7556}") = "ScooterBear.GTD.Application", "ScooterBear.GTD.Application\ScooterBear.GTD.Application.csproj", "{FE850109-46F6-41D7-946F-4E1555A0CD23}"
EndProject
Project("{E53339B2-1760-4266-BCC7-CA923CBCF16C}") = "docker-compose", "docker-compose.dcproj", "{6D3EEABF-190F-4EF8-A6CC-ED7A8099C0BD}"
EndProject
Project("{9A19103F-16F7-4668-BE54-9A1E7A4F7556}") = "ScooterBear.GTD.IntegrationTests", "ScooterBerar.GTD.IntegrationTests\ScooterBear.GTD.IntegrationTests.csproj", "{6784676D-58D5-4ED9-9179-23207AF3D0DF}"
EndProject
Project("{FAE04EC0-301F-11D3-BF4B-00C04F79EFBC}") = "ScooterBear.GTD.AwsSimpleEmailService", "ScooterBear.GTD.AwsSimpleEmailService\ScooterBear.GTD.AwsSimpleEmailService.csproj", "{F5138CD6-F6CE-4CEB-BCD4-91B0FE5F6252}"
EndProject
Global
	GlobalSection(SolutionConfigurationPlatforms) = preSolution
		Debug|Any CPU = Debug|Any CPU
		Release|Any CPU = Release|Any CPU
	EndGlobalSection
	GlobalSection(ProjectConfigurationPlatforms) = postSolution
		{3F499F3D-FDE2-412F-B26B-CA0676D1100C}.Debug|Any CPU.ActiveCfg = Debug|Any CPU
		{3F499F3D-FDE2-412F-B26B-CA0676D1100C}.Debug|Any CPU.Build.0 = Debug|Any CPU
		{3F499F3D-FDE2-412F-B26B-CA0676D1100C}.Release|Any CPU.ActiveCfg = Release|Any CPU
		{3F499F3D-FDE2-412F-B26B-CA0676D1100C}.Release|Any CPU.Build.0 = Release|Any CPU
		{EA82414F-CEB5-4225-BAA1-0A0C7F6AD594}.Debug|Any CPU.ActiveCfg = Debug|Any CPU
		{EA82414F-CEB5-4225-BAA1-0A0C7F6AD594}.Debug|Any CPU.Build.0 = Debug|Any CPU
		{EA82414F-CEB5-4225-BAA1-0A0C7F6AD594}.Release|Any CPU.ActiveCfg = Release|Any CPU
		{EA82414F-CEB5-4225-BAA1-0A0C7F6AD594}.Release|Any CPU.Build.0 = Release|Any CPU
		{25611814-5AC7-4AFC-B6AA-313161037261}.Debug|Any CPU.ActiveCfg = Debug|Any CPU
		{25611814-5AC7-4AFC-B6AA-313161037261}.Debug|Any CPU.Build.0 = Debug|Any CPU
		{25611814-5AC7-4AFC-B6AA-313161037261}.Release|Any CPU.ActiveCfg = Release|Any CPU
		{25611814-5AC7-4AFC-B6AA-313161037261}.Release|Any CPU.Build.0 = Release|Any CPU
		{1454F0A3-027C-4F49-9390-B9CDB23E1ADB}.Debug|Any CPU.ActiveCfg = Debug|Any CPU
		{1454F0A3-027C-4F49-9390-B9CDB23E1ADB}.Debug|Any CPU.Build.0 = Debug|Any CPU
		{1454F0A3-027C-4F49-9390-B9CDB23E1ADB}.Release|Any CPU.ActiveCfg = Release|Any CPU
		{1454F0A3-027C-4F49-9390-B9CDB23E1ADB}.Release|Any CPU.Build.0 = Release|Any CPU
		{FE850109-46F6-41D7-946F-4E1555A0CD23}.Debug|Any CPU.ActiveCfg = Debug|Any CPU
		{FE850109-46F6-41D7-946F-4E1555A0CD23}.Debug|Any CPU.Build.0 = Debug|Any CPU
		{FE850109-46F6-41D7-946F-4E1555A0CD23}.Release|Any CPU.ActiveCfg = Release|Any CPU
		{FE850109-46F6-41D7-946F-4E1555A0CD23}.Release|Any CPU.Build.0 = Release|Any CPU
		{6D3EEABF-190F-4EF8-A6CC-ED7A8099C0BD}.Debug|Any CPU.ActiveCfg = Debug|Any CPU
		{6D3EEABF-190F-4EF8-A6CC-ED7A8099C0BD}.Debug|Any CPU.Build.0 = Debug|Any CPU
		{6D3EEABF-190F-4EF8-A6CC-ED7A8099C0BD}.Release|Any CPU.ActiveCfg = Release|Any CPU
		{6D3EEABF-190F-4EF8-A6CC-ED7A8099C0BD}.Release|Any CPU.Build.0 = Release|Any CPU
		{6784676D-58D5-4ED9-9179-23207AF3D0DF}.Debug|Any CPU.ActiveCfg = Debug|Any CPU
		{6784676D-58D5-4ED9-9179-23207AF3D0DF}.Debug|Any CPU.Build.0 = Debug|Any CPU
		{6784676D-58D5-4ED9-9179-23207AF3D0DF}.Release|Any CPU.ActiveCfg = Release|Any CPU
		{6784676D-58D5-4ED9-9179-23207AF3D0DF}.Release|Any CPU.Build.0 = Release|Any CPU
		{F5138CD6-F6CE-4CEB-BCD4-91B0FE5F6252}.Debug|Any CPU.ActiveCfg = Debug|Any CPU
		{F5138CD6-F6CE-4CEB-BCD4-91B0FE5F6252}.Debug|Any CPU.Build.0 = Debug|Any CPU
		{F5138CD6-F6CE-4CEB-BCD4-91B0FE5F6252}.Release|Any CPU.ActiveCfg = Release|Any CPU
		{F5138CD6-F6CE-4CEB-BCD4-91B0FE5F6252}.Release|Any CPU.Build.0 = Release|Any CPU
	EndGlobalSection
	GlobalSection(SolutionProperties) = preSolution
		HideSolutionNode = FALSE
	EndGlobalSection
	GlobalSection(ExtensibilityGlobals) = postSolution
		SolutionGuid = {408072E5-CFA4-419D-B169-F4EE0E8215D9}
	EndGlobalSection
EndGlobal
